
Microsoft Visual Studio Solution File, Format Version 12.00
# Visual Studio Version 16
VisualStudioVersion = 16.0.31624.102
MinimumVisualStudioVersion = 10.0.40219.1
Project("{FAE04EC0-301F-11D3-BF4B-00C04F79EFBC}") = "NDA", "NDA\NDA.csproj", "{4CD44885-1A87-4D3F-BCA0-20F69DB3E33B}"
EndProject
Global
	GlobalSection(SolutionConfigurationPlatforms) = preSolution
		Debug|Any CPU = Debug|Any CPU
		Release|Any CPU = Release|Any CPU
	EndGlobalSection
	GlobalSection(ProjectConfigurationPlatforms) = postSolution
		{4CD44885-1A87-4D3F-BCA0-20F69DB3E33B}.Debug|Any CPU.ActiveCfg = Debug|Any CPU
		{4CD44885-1A87-4D3F-BCA0-20F69DB3E33B}.Debug|Any CPU.Build.0 = Debug|Any CPU
		{4CD44885-1A87-4D3F-BCA0-20F69DB3E33B}.Release|Any CPU.ActiveCfg = Release|Any CPU
		{4CD44885-1A87-4D3F-BCA0-20F69DB3E33B}.Release|Any CPU.Build.0 = Release|Any CPU
	EndGlobalSection
	GlobalSection(SolutionProperties) = preSolution
		HideSolutionNode = FALSE
	EndGlobalSection
	GlobalSection(ExtensibilityGlobals) = postSolution
		SolutionGuid = {F307FC79-9877-4DB6-8BE7-DA7E3F2B0590}
	EndGlobalSection
EndGlobal
